{
	"name": "@geeeger/local-weekdays-cn",
	"version": "1.1.0",
	"lockfileVersion": 1,
	"requires": true,
	"dependencies": {
		"typescript": {
			"version": "4.2.4",
			"resolved": "https://registry.npm.taobao.org/typescript/download/typescript-4.2.4.tgz?cache=0&sync_timestamp=1617822645371&other_urls=https%3A%2F%2Fregistry.npm.taobao.org%2Ftypescript%2Fdownload%2Ftypescript-4.2.4.tgz",
			"integrity": "sha1-hhC1l0feAo/aiYqK7w4QPxVtCWE=",
			"dev": true
		}
	}
}
